# This file is autogenerated, do not edit; changes may be undone by the next 'dep ensure'.


[[projects]]
  branch = "master"
  name = "github.com/beorn7/perks"
  packages = ["quantile"]
  revision = "3a771d992973f24aa725d07868b467d1ddfceafb"

[[projects]]
  name = "github.com/cloudflare/cfssl"
  packages = [
    "auth",
    "certdb",
    "certdb/dbconf",
    "certdb/sql",
    "config",
    "crypto/pkcs7",
    "csr",
    "errors",
    "helpers",
    "helpers/derhelpers",
    "info",
    "log",
    "ocsp",
    "ocsp/config",
    "signer",
    "signer/local"
  ]
  revision = "27b05afbb5132883b0942e87e3dd53d194aaa2f5"
  version = "1.3.0"

[[projects]]
  name = "github.com/davecgh/go-spew"
  packages = ["spew"]
  revision = "346938d642f2ec3594ed81d874461961cd0faa76"
  version = "v1.1.0"

[[projects]]
  name = "github.com/fatih/color"
  packages = ["."]
  revision = "507f6050b8568533fb3f5504de8e5205fa62a114"
  version = "v1.6.0"

[[projects]]
  name = "github.com/go-sql-driver/mysql"
  packages = ["."]
  revision = "3955978caca48c1658a4bb7a9c6a0f084e326af3"

[[projects]]
  branch = "master"
  name = "github.com/gokit/history"
  packages = [
    ".",
    "handlers/std"
  ]
  revision = "faf5d68d929a47a0d8fae05341cc2cb10b90ee67"

[[projects]]
  branch = "master"
  name = "github.com/gokit/zexec"
  packages = ["."]
  revision = "363856d4ad2dce23f93aefab7500fec0bfedcc0b"

[[projects]]
  name = "github.com/golang/mock"
  packages = [
    "gomock",
    "mockgen/model"
  ]
  revision = "13f360950a79f5864a972c786a10a50e44b69541"
  version = "v1.0.0"

[[projects]]
  name = "github.com/golang/protobuf"
  packages = [
    "proto",
    "ptypes",
    "ptypes/any",
    "ptypes/duration",
    "ptypes/timestamp"
  ]
  revision = "925541529c1fa6821df4e44ce2723319eb2be768"
  version = "v1.0.0"

[[projects]]
  branch = "master"
  name = "github.com/google/certificate-transparency-go"
  packages = [
    ".",
    "asn1",
    "client",
    "client/configpb",
    "jsonclient",
    "tls",
    "x509",
    "x509/pkix"
  ]
  revision = "6a268963d0b18a8eceaa1b39e6b58fafb1aa29a1"

[[projects]]
  branch = "master"
  name = "github.com/google/safebrowsing"
  packages = [
    ".",
    "internal/safebrowsing_proto"
  ]
  revision = "fe6951d7ef01b4e46d3008e8a08b55bcdf3c0ee6"

[[projects]]
  name = "github.com/grpc-ecosystem/go-grpc-prometheus"
  packages = ["."]
  revision = "6b7015e65d366bf3f19b2b2a000a831940f0f7e0"
  version = "v1.1"

[[projects]]
  name = "github.com/influx6/faux"
  packages = [
    "bag",
    "flags",
    "netutils",
    "pools/pbytes",
    "tests"
  ]
  revision = "79fa50eff2f549ebbbf268c48942c86a1605d931"

[[projects]]
  name = "github.com/jmhodges/clock"
  packages = ["."]
  revision = "880ee4c335489bc78d01e4d0a254ae880734bc15"
  version = "v1.1"

[[projects]]
  name = "github.com/jmoiron/sqlx"
  packages = [
    ".",
    "reflectx"
  ]
  revision = "398dd5876282499cdfd4cb8ea0f31a672abe9495"

[[projects]]
  branch = "master"
  name = "github.com/kisielk/sqlstruct"
  packages = ["."]
  revision = "648daed35d49dac24a4bff253b190a80da3ab6a5"

[[projects]]
  branch = "master"
  name = "github.com/letsencrypt/boulder"
  packages = [
    "akamai",
    "bdns",
    "ca",
    "ca/config",
    "ca/proto",
    "canceled",
    "cmd",
    "cmd/boulder-va/mock_gsb",
    "core",
    "core/proto",
    "csr",
    "ctpolicy",
    "errors",
    "features",
    "goodkey",
    "grpc",
    "grpc/creds",
    "grpc/test_proto",
    "log",
    "mail",
    "metrics",
    "metrics/measured_http",
    "metrics/mock_metrics",
    "mocks",
    "nonce",
    "policy",
    "probs",
    "publisher",
    "publisher/mock_publisher",
    "publisher/proto",
    "ra",
    "ra/proto",
    "ratelimit",
    "reloader",
    "revocation",
    "sa",
    "sa/proto",
    "sa/satest",
    "test",
    "test/gsb-test-srv/proto",
    "test/ocsp/helper",
    "test/vars",
    "va",
    "va/proto",
    "web",
    "wfe",
    "wfe2"
  ]
  revision = "703b134e93ede12b119d05f28fefa8e06dfa2ac3"

[[projects]]
  name = "github.com/letsencrypt/pkcs11key"
  packages = ["."]
  revision = "c47dab18ddd8c4d4267661870d3ba331cddc57c9"
  version = "v1.0.0"

[[projects]]
  name = "github.com/mattn/go-colorable"
  packages = ["."]
  revision = "167de6bfdfba052fa6b2d3664c8f5272e23c9072"
  version = "v0.0.9"

[[projects]]
  name = "github.com/mattn/go-isatty"
  packages = ["."]
  revision = "0360b2af4f38e8d38c7fce2a9f4e702702d73a39"
  version = "v0.0.3"

[[projects]]
  name = "github.com/matttproud/golang_protobuf_extensions"
  packages = ["pbutil"]
  revision = "3247c84500bff8d9fb6d579d800f20b3e091582c"
  version = "v1.0.0"

[[projects]]
  name = "github.com/miekg/dns"
  packages = ["."]
  revision = "83c435cc65d2862736428b9b4d07d0ab10ad3e4d"
  version = "v1.0.5"

[[projects]]
  branch = "master"
  name = "github.com/miekg/pkcs11"
  packages = ["."]
  revision = "6dbd569b952ec150d1425722dbbe80f2c6193f83"

[[projects]]
  name = "github.com/pmezard/go-difflib"
  packages = ["difflib"]
  revision = "792786c7400a136282c1664665ae0a8db921c6c2"
  version = "v1.0.0"

[[projects]]
  name = "github.com/prometheus/client_golang"
  packages = [
    "prometheus",
    "prometheus/promhttp"
  ]
  revision = "c5b7fccd204277076155f10851dad72b76a49317"
  version = "v0.8.0"

[[projects]]
  branch = "master"
  name = "github.com/prometheus/client_model"
  packages = ["go"]
  revision = "99fa1f4be8e564e8a6b613da7fa6f46c9edafc6c"

[[projects]]
  branch = "master"
  name = "github.com/prometheus/common"
  packages = [
    "expfmt",
    "internal/bitbucket.org/ww/goautoneg",
    "model"
  ]
  revision = "38c53a9f4bfcd932d1b00bfc65e256a7fba6b37a"

[[projects]]
  branch = "master"
  name = "github.com/prometheus/procfs"
  packages = [
    ".",
    "internal/util",
    "nfs",
    "xfs"
  ]
  revision = "780932d4fbbe0e69b84c34c20f5c8d0981e109ea"

[[projects]]
  name = "github.com/stretchr/testify"
  packages = ["assert"]
  revision = "12b6f73e6084dad08a7c6e575284b177ecafbc71"
  version = "v1.2.1"

[[projects]]
  branch = "master"
  name = "github.com/titanous/rocacheck"
  packages = ["."]
  revision = "afe73141d399b0c79c3d6412d4bdcf4c672c496a"

[[projects]]
  name = "github.com/weppos/publicsuffix-go"
  packages = ["publicsuffix"]
  revision = "386050f8211b04c965721c3591e7d96650a1ea86"
  version = "v0.4.0"

[[projects]]
  branch = "master"
  name = "github.com/wirekit/llio"
  packages = ["."]
  revision = "38e223f3168d956740e31d2a0bb7dfc34378310a"

[[projects]]
  name = "github.com/xenolf/lego"
  packages = ["acme"]
  revision = "67c86d860a797ce2483f50d9174d4ed24984bef2"
  version = "v0.4.1"

[[projects]]
  branch = "master"
  name = "golang.org/x/crypto"
  packages = [
    "cryptobyte",
    "cryptobyte/asn1",
    "ed25519",
    "ed25519/internal/edwards25519",
    "ocsp",
    "pkcs12",
    "pkcs12/internal/rc2"
  ]
  revision = "12892e8c234f4fe6f6803f052061de9057903bb2"

[[projects]]
  branch = "master"
  name = "golang.org/x/net"
  packages = [
    "bpf",
    "context",
    "context/ctxhttp",
    "http2",
    "http2/hpack",
    "idna",
    "internal/iana",
    "internal/socket",
    "internal/timeseries",
    "ipv4",
    "ipv6",
    "lex/httplex",
    "publicsuffix",
    "trace"
  ]
  revision = "b68f30494add4df6bd8ef5e82803f308e7f7c59c"

[[projects]]
  branch = "master"
  name = "golang.org/x/sys"
  packages = ["unix"]
  revision = "378d26f46672a356c46195c28f61bdb4c0a781dd"

[[projects]]
  name = "golang.org/x/text"
  packages = [
    "collate",
    "collate/build",
    "internal/colltab",
    "internal/gen",
    "internal/tag",
    "internal/triegen",
    "internal/ucd",
    "language",
    "secure/bidirule",
    "transform",
    "unicode/bidi",
    "unicode/cldr",
    "unicode/norm",
    "unicode/rangetable"
  ]
  revision = "f21a4dfb5e38f5895301dc265a8def02365cc3d0"
  version = "v0.3.0"

[[projects]]
  branch = "master"
  name = "google.golang.org/genproto"
  packages = ["googleapis/rpc/status"]
  revision = "ab0870e398d5dd054b868c0db1481ab029b9a9f2"

[[projects]]
  name = "google.golang.org/grpc"
  packages = [
    ".",
    "balancer",
    "balancer/base",
    "balancer/roundrobin",
    "codes",
    "connectivity",
    "credentials",
    "encoding",
    "encoding/proto",
    "grpclb/grpc_lb_v1/messages",
    "grpclog",
    "internal",
    "keepalive",
    "metadata",
    "naming",
    "peer",
    "resolver",
    "resolver/dns",
    "resolver/passthrough",
    "stats",
    "status",
    "tap",
    "transport"
  ]
  revision = "1e2570b1b19ade82d8dbb31bba4e65e9f9ef5b34"
  version = "v1.11.1"

[[projects]]
  name = "gopkg.in/go-gorp/gorp.v2"
  packages = ["."]
  revision = "4df78490a9aa9a78b9b02b0c913df8dc1954faee"
  version = "2.1"

[[projects]]
  name = "gopkg.in/square/go-jose.v1"
  packages = [
    ".",
    "cipher",
    "json"
  ]
  revision = "6e50787b7338112747e64f32753fb4f9dbfb8f79"
  version = "v1.1.1"

[[projects]]
  name = "gopkg.in/square/go-jose.v2"
  packages = [
    ".",
    "cipher",
    "json"
  ]
  revision = "76dd09796242edb5b897103a75df2645c028c960"
  version = "v2.1.6"

[[projects]]
  name = "gopkg.in/yaml.v2"
  packages = ["."]
  revision = "5420a8b6744d3b0345ab293f6fcba19c978f1183"
  version = "v2.2.1"

[solve-meta]
  analyzer-name = "dep"
  analyzer-version = 1
  inputs-digest = "9c842b0caa49d016d3c6c2eb844ce9ffdf5db449db1f2ef9c610ed9c2f44e413"
  solver-name = "gps-cdcl"
  solver-version = 1
